
Microsoft Visual Studio Solution File, Format Version 12.00
# Visual Studio Version 16
VisualStudioVersion = 25.0.1705.4
MinimumVisualStudioVersion = 10.0.40219.1
Project("{FAE04EC0-301F-11D3-BF4B-00C04F79EFBC}") = "NLayer.Core", "NLayer.Core\NLayer.Core.csproj", "{0AB1BBC4-0094-4149-AF2B-076F2E93F437}"
EndProject
Project("{FAE04EC0-301F-11D3-BF4B-00C04F79EFBC}") = "NLayer.Repository", "NLayer.Repository\NLayer.Repository.csproj", "{6B4623DE-9251-4802-888E-CA13E852F360}"
EndProject
Project("{FAE04EC0-301F-11D3-BF4B-00C04F79EFBC}") = "NLayer.Service", "NLayer.Service\NLayer.Service.csproj", "{2385B6DB-83D3-41CF-9AC7-388A2F0304B4}"
EndProject
Project("{FAE04EC0-301F-11D3-BF4B-00C04F79EFBC}") = "NLayer.API", "NLayer.API\NLayer.API.csproj", "{E0BB8C52-DE53-40D2-9866-8A83CC457A8A}"
EndProject
Project("{FAE04EC0-301F-11D3-BF4B-00C04F79EFBC}") = "NLayer.Caching", "NLayer.Caching\NLayer.Caching.csproj", "{5D001A92-40C4-4CC1-AFDA-49EB204BB76C}"
EndProject
Global
	GlobalSection(SolutionConfigurationPlatforms) = preSolution
		Debug|Any CPU = Debug|Any CPU
		Release|Any CPU = Release|Any CPU
	EndGlobalSection
	GlobalSection(ProjectConfigurationPlatforms) = postSolution
		{0AB1BBC4-0094-4149-AF2B-076F2E93F437}.Debug|Any CPU.ActiveCfg = Debug|Any CPU
		{0AB1BBC4-0094-4149-AF2B-076F2E93F437}.Debug|Any CPU.Build.0 = Debug|Any CPU
		{0AB1BBC4-0094-4149-AF2B-076F2E93F437}.Release|Any CPU.ActiveCfg = Release|Any CPU
		{0AB1BBC4-0094-4149-AF2B-076F2E93F437}.Release|Any CPU.Build.0 = Release|Any CPU
		{6B4623DE-9251-4802-888E-CA13E852F360}.Debug|Any CPU.ActiveCfg = Debug|Any CPU
		{6B4623DE-9251-4802-888E-CA13E852F360}.Debug|Any CPU.Build.0 = Debug|Any CPU
		{6B4623DE-9251-4802-888E-CA13E852F360}.Release|Any CPU.ActiveCfg = Release|Any CPU
		{6B4623DE-9251-4802-888E-CA13E852F360}.Release|Any CPU.Build.0 = Release|Any CPU
		{2385B6DB-83D3-41CF-9AC7-388A2F0304B4}.Debug|Any CPU.ActiveCfg = Debug|Any CPU
		{2385B6DB-83D3-41CF-9AC7-388A2F0304B4}.Debug|Any CPU.Build.0 = Debug|Any CPU
		{2385B6DB-83D3-41CF-9AC7-388A2F0304B4}.Release|Any CPU.ActiveCfg = Release|Any CPU
		{2385B6DB-83D3-41CF-9AC7-388A2F0304B4}.Release|Any CPU.Build.0 = Release|Any CPU
		{E0BB8C52-DE53-40D2-9866-8A83CC457A8A}.Debug|Any CPU.ActiveCfg = Debug|Any CPU
		{E0BB8C52-DE53-40D2-9866-8A83CC457A8A}.Debug|Any CPU.Build.0 = Debug|Any CPU
		{E0BB8C52-DE53-40D2-9866-8A83CC457A8A}.Release|Any CPU.ActiveCfg = Release|Any CPU
		{E0BB8C52-DE53-40D2-9866-8A83CC457A8A}.Release|Any CPU.Build.0 = Release|Any CPU
		{5D001A92-40C4-4CC1-AFDA-49EB204BB76C}.Debug|Any CPU.ActiveCfg = Debug|Any CPU
		{5D001A92-40C4-4CC1-AFDA-49EB204BB76C}.Debug|Any CPU.Build.0 = Debug|Any CPU
		{5D001A92-40C4-4CC1-AFDA-49EB204BB76C}.Release|Any CPU.ActiveCfg = Release|Any CPU
		{5D001A92-40C4-4CC1-AFDA-49EB204BB76C}.Release|Any CPU.Build.0 = Release|Any CPU
	EndGlobalSection
	GlobalSection(SolutionProperties) = preSolution
		HideSolutionNode = FALSE
	EndGlobalSection
	GlobalSection(ExtensibilityGlobals) = postSolution
		SolutionGuid = {3DF8DC45-C372-4A53-90E3-827EE94BF92F}
	EndGlobalSection
EndGlobal
